// !$*UTF8*$!
{
	archiveVersion = 1;
	classes = {
	};
	objectVersion = 46;
	objects = {

/* Begin PBXBuildFile section */
		FD1AAD651AEFB4F000CB55D4 /* main.m in Sources */ = {isa = PBXBuildFile; fileRef = FD1AAD641AEFB4F000CB55D4 /* main.m */; };
		FD1AAD681AEFB4F000CB55D4 /* AppDelegate.m in Sources */ = {isa = PBXBuildFile; fileRef = FD1AAD671AEFB4F000CB55D4 /* AppDelegate.m */; };
		FD1AAD6B1AEFB4F000CB55D4 /* Haobo.xcdatamodeld in Sources */ = {isa = PBXBuildFile; fileRef = FD1AAD691AEFB4F000CB55D4 /* Haobo.xcdatamodeld */; };
		FD1AAD6E1AEFB4F000CB55D4 /* ViewController.m in Sources */ = {isa = PBXBuildFile; fileRef = FD1AAD6D1AEFB4F000CB55D4 /* ViewController.m */; };
		FD1AAD711AEFB4F000CB55D4 /* Main.storyboard in Resources */ = {isa = PBXBuildFile; fileRef = FD1AAD6F1AEFB4F000CB55D4 /* Main.storyboard */; };
		FD1AAD731AEFB4F000CB55D4 /* Images.xcassets in Resources */ = {isa = PBXBuildFile; fileRef = FD1AAD721AEFB4F000CB55D4 /* Images.xcassets */; };
		FD1AAD761AEFB4F000CB55D4 /* LaunchScreen.xib in Resources */ = {isa = PBXBuildFile; fileRef = FD1AAD741AEFB4F000CB55D4 /* LaunchScreen.xib */; };
		FD1AAD821AEFB4F000CB55D4 /* HaoboTests.m in Sources */ = {isa = PBXBuildFile; fileRef = FD1AAD811AEFB4F000CB55D4 /* HaoboTests.m */; };
/* End PBXBuildFile section */

/* Begin PBXContainerItemProxy section */
		FD1AAD7C1AEFB4F000CB55D4 /* PBXContainerItemProxy */ = {
			isa = PBXContainerItemProxy;
			containerPortal = FD1AAD571AEFB4F000CB55D4 /* Project object */;
			proxyType = 1;
			remoteGlobalIDString = FD1AAD5E1AEFB4F000CB55D4;
			remoteInfo = Haobo;
		};
/* End PBXContainerItemProxy section */

/* Begin PBXFileReference section */
		FD1AAD5F1AEFB4F000CB55D4 /* Haobo.app */ = {isa = PBXFileReference; explicitFileType = wrapper.application; includeInIndex = 0; path = Haobo.app; sourceTree = BUILT_PRODUCTS_DIR; };
		FD1AAD631AEFB4F000CB55D4 /* Info.plist */ = {isa = PBXFileReference; lastKnownFileType = text.plist.xml; path = Info.plist; sourceTree = "<group>"; };
		FD1AAD641AEFB4F000CB55D4 /* main.m */ = {isa = PBXFileReference; lastKnownFileType = sourcecode.c.objc; path = main.m; sourceTree = "<group>"; };
		FD1AAD661AEFB4F000CB55D4 /* AppDelegate.h */ = {isa = PBXFileReference; lastKnownFileType = sourcecode.c.h; path = AppDelegate.h; sourceTree = "<group>"; };
		FD1AAD671AEFB4F000CB55D4 /* AppDelegate.m */ = {isa = PBXFileReference; lastKnownFileType = sourcecode.c.objc; path = AppDelegate.m; sourceTree = "<group>"; };
		FD1AAD6A1AEFB4F000CB55D4 /* Haobo.xcdatamodel */ = {isa = PBXFileReference; lastKnownFileType = wrapper.xcdatamodel; path = Haobo.xcdatamodel; sourceTree = "<group>"; };
		FD1AAD6C1AEFB4F000CB55D4 /* ViewController.h */ = {isa = PBXFileReference; lastKnownFileType = sourcecode.c.h; path = ViewController.h; sourceTree = "<group>"; };
		FD1AAD6D1AEFB4F000CB55D4 /* ViewController.m */ = {isa = PBXFileReference; lastKnownFileType = sourcecode.c.objc; path = ViewController.m; sourceTree = "<group>"; };
		FD1AAD701AEFB4F000CB55D4 /* Base */ = {isa = PBXFileReference; lastKnownFileType = file.storyboard; name = Base; path = Base.lproj/Main.storyboard; sourceTree = "<group>"; };
		FD1AAD721AEFB4F000CB55D4 /* Images.xcassets */ = {isa = PBXFileReference; lastKnownFileType = folder.assetcatalog; path = Images.xcassets; sourceTree = "<group>"; };
		FD1AAD751AEFB4F000CB55D4 /* Base */ = {isa = PBXFileReference; lastKnownFileType = file.xib; name = Base; path = Base.lproj/LaunchScreen.xib; sourceTree = "<group>"; };
		FD1AAD7B1AEFB4F000CB55D4 /* HaoboTests.xctest */ = {isa = PBXFileReference; explicitFileType = wrapper.cfbundle; includeInIndex = 0; path = HaoboTests.xctest; sourceTree = BUILT_PRODUCTS_DIR; };
		FD1AAD801AEFB4F000CB55D4 /* Info.plist */ = {isa = PBXFileReference; lastKnownFileType = text.plist.xml; path = Info.plist; sourceTree = "<group>"; };
		FD1AAD811AEFB4F000CB55D4 /* HaoboTests.m */ = {isa = PBXFileReference; lastKnownFileType = sourcecode.c.objc; path = HaoboTests.m; sourceTree = "<group>"; };
/* End PBXFileReference section */

/* Begin PBXFrameworksBuildPhase section */
		FD1AAD5C1AEFB4F000CB55D4 /* Frameworks */ = {
			isa = PBXFrameworksBuildPhase;
			buildActionMask = 2147483647;
			files = (
			);
			runOnlyForDeploymentPostprocessing = 0;
		};
		FD1AAD781AEFB4F000CB55D4 /* Frameworks */ = {
			isa = PBXFrameworksBuildPhase;
			buildActionMask = 2147483647;
			files = (
			);
			runOnlyForDeploymentPostprocessing = 0;
		};
/* End PBXFrameworksBuildPhase section */

/* Begin PBXGroup section */
		FD1AAD561AEFB4F000CB55D4 = {
			isa = PBXGroup;
			children = (
				FD1AAD611AEFB4F000CB55D4 /* Haobo */,
				FD1AAD7E1AEFB4F000CB55D4 /* HaoboTests */,
				FD1AAD601AEFB4F000CB55D4 /* Products */,
			);
			sourceTree = "<group>";
		};
		FD1AAD601AEFB4F000CB55D4 /* Products */ = {
			isa = PBXGroup;
			children = (
				FD1AAD5F1AEFB4F000CB55D4 /* Haobo.app */,
				FD1AAD7B1AEFB4F000CB55D4 /* HaoboTests.xctest */,
			);
			name = Products;
			sourceTree = "<group>";
		};
		FD1AAD611AEFB4F000CB55D4 /* Haobo */ = {
			isa = PBXGroup;
			children = (
				FD1AAD661AEFB4F000CB55D4 /* AppDelegate.h */,
				FD1AAD671AEFB4F000CB55D4 /* AppDelegate.m */,
				FD1AAD6C1AEFB4F000CB55D4 /* ViewController.h */,
				FD1AAD6D1AEFB4F000CB55D4 /* ViewController.m */,
				FD1AAD6F1AEFB4F000CB55D4 /* Main.storyboard */,
				FD1AAD721AEFB4F000CB55D4 /* Images.xcassets */,
				FD1AAD741AEFB4F000CB55D4 /* LaunchScreen.xib */,
				FD1AAD691AEFB4F000CB55D4 /* Haobo.xcdatamodeld */,
				FD1AAD621AEFB4F000CB55D4 /* Supporting Files */,
			);
			path = Haobo;
			sourceTree = "<group>";
		};
		FD1AAD621AEFB4F000CB55D4 /* Supporting Files */ = {
			isa = PBXGroup;
			children = (
				FD1AAD631AEFB4F000CB55D4 /* Info.plist */,
				FD1AAD641AEFB4F000CB55D4 /* main.m */,
			);
			name = "Supporting Files";
			sourceTree = "<group>";
		};
		FD1AAD7E1AEFB4F000CB55D4 /* HaoboTests */ = {
			isa = PBXGroup;
			children = (
				FD1AAD811AEFB4F000CB55D4 /* HaoboTests.m */,
				FD1AAD7F1AEFB4F000CB55D4 /* Supporting Files */,
			);
			path = HaoboTests;
			sourceTree = "<group>";
		};
		FD1AAD7F1AEFB4F000CB55D4 /* Supporting Files */ = {
			isa = PBXGroup;
			children = (
				FD1AAD801AEFB4F000CB55D4 /* Info.plist */,
			);
			name = "Supporting Files";
			sourceTree = "<group>";
		};
/* End PBXGroup section */

/* Begin PBXNativeTarget section */
		FD1AAD5E1AEFB4F000CB55D4 /* Haobo */ = {
			isa = PBXNativeTarget;
			buildConfigurationList = FD1AAD851AEFB4F000CB55D4 /* Build configuration list for PBXNativeTarget "Haobo" */;
			buildPhases = (
				FD1AAD5B1AEFB4F000CB55D4 /* Sources */,
				FD1AAD5C1AEFB4F000CB55D4 /* Frameworks */,
				FD1AAD5D1AEFB4F000CB55D4 /* Resources */,
			);
			buildRules = (
			);
			dependencies = (
			);
			name = Haobo;
			productName = Haobo;
			productReference = FD1AAD5F1AEFB4F000CB55D4 /* Haobo.app */;
			productType = "com.apple.product-type.application";
		};
		FD1AAD7A1AEFB4F000CB55D4 /* HaoboTests */ = {
			isa = PBXNativeTarget;
			buildConfigurationList = FD1AAD881AEFB4F000CB55D4 /* Build configuration list for PBXNativeTarget "HaoboTests" */;
			buildPhases = (
				FD1AAD771AEFB4F000CB55D4 /* Sources */,
				FD1AAD781AEFB4F000CB55D4 /* Frameworks */,
				FD1AAD791AEFB4F000CB55D4 /* Resources */,
			);
			buildRules = (
			);
			dependencies = (
				FD1AAD7D1AEFB4F000CB55D4 /* PBXTargetDependency */,
			);
			name = HaoboTests;
			productName = HaoboTests;
			productReference = FD1AAD7B1AEFB4F000CB55D4 /* HaoboTests.xctest */;
			productType = "com.apple.product-type.bundle.unit-test";
		};
/* End PBXNativeTarget section */

/* Begin PBXProject section */
		FD1AAD571AEFB4F000CB55D4 /* Project object */ = {
			isa = PBXProject;
			attributes = {
				LastUpgradeCheck = 0610;
				ORGANIZATIONNAME = zhb1991nm;
				TargetAttributes = {
					FD1AAD5E1AEFB4F000CB55D4 = {
						CreatedOnToolsVersion = 6.1.1;
					};
					FD1AAD7A1AEFB4F000CB55D4 = {
						CreatedOnToolsVersion = 6.1.1;
						TestTargetID = FD1AAD5E1AEFB4F000CB55D4;
					};
				};
			};
			buildConfigurationList = FD1AAD5A1AEFB4F000CB55D4 /* Build configuration list for PBXProject "Haobo" */;
			compatibilityVersion = "Xcode 3.2";
			developmentRegion = English;
			hasScannedForEncodings = 0;
			knownRegions = (
				en,
				Base,
			);
			mainGroup = FD1AAD561AEFB4F000CB55D4;
			productRefGroup = FD1AAD601AEFB4F000CB55D4 /* Products */;
			projectDirPath = "";
			projectRoot = "";
			targets = (
				FD1AAD5E1AEFB4F000CB55D4 /* Haobo */,
				FD1AAD7A1AEFB4F000CB55D4 /* HaoboTests */,
			);
		};
/* End PBXProject section */

/* Begin PBXResourcesBuildPhase section */
		FD1AAD5D1AEFB4F000CB55D4 /* Resources */ = {
			isa = PBXResourcesBuildPhase;
			buildActionMask = 2147483647;
			files = (
				FD1AAD711AEFB4F000CB55D4 /* Main.storyboard in Resources */,
				FD1AAD761AEFB4F000CB55D4 /* LaunchScreen.xib in Resources */,
				FD1AAD731AEFB4F000CB55D4 /* Images.xcassets in Resources */,
			);
			runOnlyForDeploymentPostprocessing = 0;
		};
		FD1AAD791AEFB4F000CB55D4 /* Resources */ = {
			isa = PBXResourcesBuildPhase;
			buildActionMask = 2147483647;
			files = (
			);
			runOnlyForDeploymentPostprocessing = 0;
		};
/* End PBXResourcesBuildPhase section */

/* Begin PBXSourcesBuildPhase section */
		FD1AAD5B1AEFB4F000CB55D4 /* Sources */ = {
			isa = PBXSourcesBuildPhase;
			buildActionMask = 2147483647;
			files = (
				FD1AAD681AEFB4F000CB55D4 /* AppDelegate.m in Sources */,
				FD1AAD6B1AEFB4F000CB55D4 /* Haobo.xcdatamodeld in Sources */,
				FD1AAD6E1AEFB4F000CB55D4 /* ViewController.m in Sources */,
				FD1AAD651AEFB4F000CB55D4 /* main.m in Sources */,
			);
			runOnlyForDeploymentPostprocessing = 0;
		};
		FD1AAD771AEFB4F000CB55D4 /* Sources */ = {
			isa = PBXSourcesBuildPhase;
			buildActionMask = 2147483647;
			files = (
				FD1AAD821AEFB4F000CB55D4 /* HaoboTests.m in Sources */,
			);
			runOnlyForDeploymentPostprocessing = 0;
		};
/* End PBXSourcesBuildPhase section */

/* Begin PBXTargetDependency section */
		FD1AAD7D1AEFB4F000CB55D4 /* PBXTargetDependency */ = {
			isa = PBXTargetDependency;
			target = FD1AAD5E1AEFB4F000CB55D4 /* Haobo */;
			targetProxy = FD1AAD7C1AEFB4F000CB55D4 /* PBXContainerItemProxy */;
		};
/* End PBXTargetDependency section */

/* Begin PBXVariantGroup section */
		FD1AAD6F1AEFB4F000CB55D4 /* Main.storyboard */ = {
			isa = PBXVariantGroup;
			children = (
				FD1AAD701AEFB4F000CB55D4 /* Base */,
			);
			name = Main.storyboard;
			sourceTree = "<group>";
		};
		FD1AAD741AEFB4F000CB55D4 /* LaunchScreen.xib */ = {
			isa = PBXVariantGroup;
			children = (
				FD1AAD751AEFB4F000CB55D4 /* Base */,
			);
			name = LaunchScreen.xib;
			sourceTree = "<group>";
		};
/* End PBXVariantGroup section */

/* Begin XCBuildConfiguration section */
		FD1AAD831AEFB4F000CB55D4 /* Debug */ = {
			isa = XCBuildConfiguration;
			buildSettings = {
				ALWAYS_SEARCH_USER_PATHS = NO;
				CLANG_CXX_LANGUAGE_STANDARD = "gnu++0x";
				CLANG_CXX_LIBRARY = "libc++";
				CLANG_ENABLE_MODULES = YES;
				CLANG_ENABLE_OBJC_ARC = YES;
				CLANG_WARN_BOOL_CONVERSION = YES;
				CLANG_WARN_CONSTANT_CONVERSION = YES;
				CLANG_WARN_DIRECT_OBJC_ISA_USAGE = YES_ERROR;
				CLANG_WARN_EMPTY_BODY = YES;
				CLANG_WARN_ENUM_CONVERSION = YES;
				CLANG_WARN_INT_CONVERSION = YES;
				CLANG_WARN_OBJC_ROOT_CLASS = YES_ERROR;
				CLANG_WARN_UNREACHABLE_CODE = YES;
				CLANG_WARN__DUPLICATE_METHOD_MATCH = YES;
				"CODE_SIGN_IDENTITY[sdk=iphoneos*]" = "iPhone Developer";
				COPY_PHASE_STRIP = NO;
				ENABLE_STRICT_OBJC_MSGSEND = YES;
				GCC_C_LANGUAGE_STANDARD = gnu99;
				GCC_DYNAMIC_NO_PIC = NO;
				GCC_OPTIMIZATION_LEVEL = 0;
				GCC_PREPROCESSOR_DEFINITIONS = (
					"DEBUG=1",
					"$(inherited)",
				);
				GCC_SYMBOLS_PRIVATE_EXTERN = NO;
				GCC_WARN_64_TO_32_BIT_CONVERSION = YES;
				GCC_WARN_ABOUT_RETURN_TYPE = YES_ERROR;
				GCC_WARN_UNDECLARED_SELECTOR = YES;
				GCC_WARN_UNINITIALIZED_AUTOS = YES_AGGRESSIVE;
				GCC_WARN_UNUSED_FUNCTION = YES;
				GCC_WARN_UNUSED_VARIABLE = YES;
				IPHONEOS_DEPLOYMENT_TARGET = 8.1;
				MTL_ENABLE_DEBUG_INFO = YES;
				ONLY_ACTIVE_ARCH = YES;
				SDKROOT = iphoneos;
			};
			name = Debug;
		};
		FD1AAD841AEFB4F000CB55D4 /* Release */ = {
			isa = XCBuildConfiguration;
			buildSettings = {
				ALWAYS_SEARCH_USER_PATHS = NO;
				CLANG_CXX_LANGUAGE_STANDARD = "gnu++0x";
				CLANG_CXX_LIBRARY = "libc++";
				CLANG_ENABLE_MODULES = YES;
				CLANG_ENABLE_OBJC_ARC = YES;
				CLANG_WARN_BOOL_CONVERSION = YES;
				CLANG_WARN_CONSTANT_CONVERSION = YES;
				CLANG_WARN_DIRECT_OBJC_ISA_USAGE = YES_ERROR;
				CLANG_WARN_EMPTY_BODY = YES;
				CLANG_WARN_ENUM_CONVERSION = YES;
				CLANG_WARN_INT_CONVERSION = YES;
				CLANG_WARN_OBJC_ROOT_CLASS = YES_ERROR;
				CLANG_WARN_UNREACHABLE_CODE = YES;
				CLANG_WARN__DUPLICATE_METHOD_MATCH = YES;
				"CODE_SIGN_IDENTITY[sdk=iphoneos*]" = "iPhone Developer";
				COPY_PHASE_STRIP = YES;
				ENABLE_NS_ASSERTIONS = NO;
				ENABLE_STRICT_OBJC_MSGSEND = YES;
				GCC_C_LANGUAGE_STANDARD = gnu99;
				GCC_WARN_64_TO_32_BIT_CONVERSION = YES;
				GCC_WARN_ABOUT_RETURN_TYPE = YES_ERROR;
				GCC_WARN_UNDECLARED_SELECTOR = YES;
				GCC_WARN_UNINITIALIZED_AUTOS = YES_AGGRESSIVE;
				GCC_WARN_UNUSED_FUNCTION = YES;
				GCC_WARN_UNUSED_VARIABLE = YES;
				IPHONEOS_DEPLOYMENT_TARGET = 8.1;
				MTL_ENABLE_DEBUG_INFO = NO;
				SDKROOT = iphoneos;
				VALIDATE_PRODUCT = YES;
			};
			name = Release;
		};
		FD1AAD861AEFB4F000CB55D4 /* Debug */ = {
			isa = XCBuildConfiguration;
			buildSettings = {
				ASSETCATALOG_COMPILER_APPICON_NAME = AppIcon;
				INFOPLIST_FILE = Haobo/Info.plist;
				LD_RUNPATH_SEARCH_PATHS = "$(inherited) @executable_path/Frameworks";
				PRODUCT_NAME = "$(TARGET_NAME)";
			};
			name = Debug;
		};
		FD1AAD871AEFB4F000CB55D4 /* Release */ = {
			isa = XCBuildConfiguration;
			buildSettings = {
				ASSETCATALOG_COMPILER_APPICON_NAME = AppIcon;
				INFOPLIST_FILE = Haobo/Info.plist;
				LD_RUNPATH_SEARCH_PATHS = "$(inherited) @executable_path/Frameworks";
				PRODUCT_NAME = "$(TARGET_NAME)";
			};
			name = Release;
		};
		FD1AAD891AEFB4F000CB55D4 /* Debug */ = {
			isa = XCBuildConfiguration;
			buildSettings = {
				BUNDLE_LOADER = "$(TEST_HOST)";
				FRAMEWORK_SEARCH_PATHS = (
					"$(SDKROOT)/Developer/Library/Frameworks",
					"$(inherited)",
				);
				GCC_PREPROCESSOR_DEFINITIONS = (
					"DEBUG=1",
					"$(inherited)",
				);
				INFOPLIST_FILE = HaoboTests/Info.plist;
				LD_RUNPATH_SEARCH_PATHS = "$(inherited) @executable_path/Frameworks @loader_path/Frameworks";
				PRODUCT_NAME = "$(TARGET_NAME)";
				TEST_HOST = "$(BUILT_PRODUCTS_DIR)/Haobo.app/Haobo";
			};
			name = Debug;
		};
		FD1AAD8A1AEFB4F000CB55D4 /* Release */ = {
			isa = XCBuildConfiguration;
			buildSettings = {
				BUNDLE_LOADER = "$(TEST_HOST)";
				FRAMEWORK_SEARCH_PATHS = (
					"$(SDKROOT)/Developer/Library/Frameworks",
					"$(inherited)",
				);
				INFOPLIST_FILE = HaoboTests/Info.plist;
				LD_RUNPATH_SEARCH_PATHS = "$(inherited) @executable_path/Frameworks @loader_path/Frameworks";
				PRODUCT_NAME = "$(TARGET_NAME)";
				TEST_HOST = "$(BUILT_PRODUCTS_DIR)/Haobo.app/Haobo";
			};
			name = Release;
		};
/* End XCBuildConfiguration section */

/* Begin XCConfigurationList section */
		FD1AAD5A1AEFB4F000CB55D4 /* Build configuration list for PBXProject "Haobo" */ = {
			isa = XCConfigurationList;
			buildConfigurations = (
				FD1AAD831AEFB4F000CB55D4 /* Debug */,
				FD1AAD841AEFB4F000CB55D4 /* Release */,
			);
			defaultConfigurationIsVisible = 0;
			defaultConfigurationName = Release;
		};
		FD1AAD851AEFB4F000CB55D4 /* Build configuration list for PBXNativeTarget "Haobo" */ = {
			isa = XCConfigurationList;
			buildConfigurations = (
				FD1AAD861AEFB4F000CB55D4 /* Debug */,
				FD1AAD871AEFB4F000CB55D4 /* Release */,
			);
			defaultConfigurationIsVisible = 0;
		};
		FD1AAD881AEFB4F000CB55D4 /* Build configuration list for PBXNativeTarget "HaoboTests" */ = {
			isa = XCConfigurationList;
			buildConfigurations = (
				FD1AAD891AEFB4F000CB55D4 /* Debug */,
				FD1AAD8A1AEFB4F000CB55D4 /* Release */,
			);
			defaultConfigurationIsVisible = 0;
		};
/* End XCConfigurationList section */

/* Begin XCVersionGroup section */
		FD1AAD691AEFB4F000CB55D4 /* Haobo.xcdatamodeld */ = {
			isa = XCVersionGroup;
			children = (
				FD1AAD6A1AEFB4F000CB55D4 /* Haobo.xcdatamodel */,
			);
			currentVersion = FD1AAD6A1AEFB4F000CB55D4 /* Haobo.xcdatamodel */;
			path = Haobo.xcdatamodeld;
			sourceTree = "<group>";
			versionGroupType = wrapper.xcdatamodel;
		};
/* End XCVersionGroup section */
	};
	rootObject = FD1AAD571AEFB4F000CB55D4 /* Project object */;
}
